// !$*UTF8*$!
{
	archiveVersion = 1;
	classes = {
	};
	objectVersion = 46;
	objects = {

/* Begin PBXBuildFile section */
		16695A431C8AE08F009F9EC1 /* AppDelegate.swift in Sources */ = {isa = PBXBuildFile; fileRef = 16695A421C8AE08F009F9EC1 /* AppDelegate.swift */; };
		16695A451C8AE08F009F9EC1 /* MovieViewController.swift in Sources */ = {isa = PBXBuildFile; fileRef = 16695A441C8AE08F009F9EC1 /* MovieViewController.swift */; };
		16695A481C8AE08F009F9EC1 /* Main.storyboard in Resources */ = {isa = PBXBuildFile; fileRef = 16695A461C8AE08F009F9EC1 /* Main.storyboard */; };
		16695A4A1C8AE08F009F9EC1 /* Assets.xcassets in Resources */ = {isa = PBXBuildFile; fileRef = 16695A491C8AE08F009F9EC1 /* Assets.xcassets */; };
		16695A4D1C8AE08F009F9EC1 /* LaunchScreen.storyboard in Resources */ = {isa = PBXBuildFile; fileRef = 16695A4B1C8AE08F009F9EC1 /* LaunchScreen.storyboard */; };
		16695A551C8AE629009F9EC1 /* Movie.swift in Sources */ = {isa = PBXBuildFile; fileRef = 16695A541C8AE629009F9EC1 /* Movie.swift */; };
		16695A571C8AE672009F9EC1 /* MovieStore.swift in Sources */ = {isa = PBXBuildFile; fileRef = 16695A561C8AE672009F9EC1 /* MovieStore.swift */; };
/* End PBXBuildFile section */

/* Begin PBXFileReference section */
		16695A3F1C8AE08F009F9EC1 /* PROJECT 5 - BASIC TABLE VIEW.app */ = {isa = PBXFileReference; explicitFileType = wrapper.application; includeInIndex = 0; path = "PROJECT 5 - BASIC TABLE VIEW.app"; sourceTree = BUILT_PRODUCTS_DIR; };
		16695A421C8AE08F009F9EC1 /* AppDelegate.swift */ = {isa = PBXFileReference; lastKnownFileType = sourcecode.swift; path = AppDelegate.swift; sourceTree = "<group>"; };
		16695A441C8AE08F009F9EC1 /* MovieViewController.swift */ = {isa = PBXFileReference; lastKnownFileType = sourcecode.swift; path = MovieViewController.swift; sourceTree = "<group>"; };
		16695A471C8AE08F009F9EC1 /* Base */ = {isa = PBXFileReference; lastKnownFileType = file.storyboard; name = Base; path = Base.lproj/Main.storyboard; sourceTree = "<group>"; };
		16695A491C8AE08F009F9EC1 /* Assets.xcassets */ = {isa = PBXFileReference; lastKnownFileType = folder.assetcatalog; path = Assets.xcassets; sourceTree = "<group>"; };
		16695A4C1C8AE08F009F9EC1 /* Base */ = {isa = PBXFileReference; lastKnownFileType = file.storyboard; name = Base; path = Base.lproj/LaunchScreen.storyboard; sourceTree = "<group>"; };
		16695A4E1C8AE08F009F9EC1 /* Info.plist */ = {isa = PBXFileReference; lastKnownFileType = text.plist.xml; path = Info.plist; sourceTree = "<group>"; };
		16695A541C8AE629009F9EC1 /* Movie.swift */ = {isa = PBXFileReference; fileEncoding = 4; lastKnownFileType = sourcecode.swift; path = Movie.swift; sourceTree = "<group>"; };
		16695A561C8AE672009F9EC1 /* MovieStore.swift */ = {isa = PBXFileReference; fileEncoding = 4; lastKnownFileType = sourcecode.swift; path = MovieStore.swift; sourceTree = "<group>"; };
/* End PBXFileReference section */

/* Begin PBXFrameworksBuildPhase section */
		16695A3C1C8AE08F009F9EC1 /* Frameworks */ = {
			isa = PBXFrameworksBuildPhase;
			buildActionMask = 2147483647;
			files = (
			);
			runOnlyForDeploymentPostprocessing = 0;
		};
/* End PBXFrameworksBuildPhase section */

/* Begin PBXGroup section */
		16695A361C8AE08F009F9EC1 = {
			isa = PBXGroup;
			children = (
				16695A411C8AE08F009F9EC1 /* PROJECT 5 - BASIC TABLE VIEW */,
				16695A401C8AE08F009F9EC1 /* Products */,
			);
			sourceTree = "<group>";
		};
		16695A401C8AE08F009F9EC1 /* Products */ = {
			isa = PBXGroup;
			children = (
				16695A3F1C8AE08F009F9EC1 /* PROJECT 5 - BASIC TABLE VIEW.app */,
			);
			name = Products;
			sourceTree = "<group>";
		};
		16695A411C8AE08F009F9EC1 /* PROJECT 5 - BASIC TABLE VIEW */ = {
			isa = PBXGroup;
			children = (
				16695A421C8AE08F009F9EC1 /* AppDelegate.swift */,
				16695A441C8AE08F009F9EC1 /* MovieViewController.swift */,
				16695A561C8AE672009F9EC1 /* MovieStore.swift */,
				16695A541C8AE629009F9EC1 /* Movie.swift */,
				16695A461C8AE08F009F9EC1 /* Main.storyboard */,
				16695A491C8AE08F009F9EC1 /* Assets.xcassets */,
				16695A4B1C8AE08F009F9EC1 /* LaunchScreen.storyboard */,
				16695A4E1C8AE08F009F9EC1 /* Info.plist */,
			);
			path = "PROJECT 5 - BASIC TABLE VIEW";
			sourceTree = "<group>";
		};
/* End PBXGroup section */

/* Begin PBXNativeTarget section */
		16695A3E1C8AE08F009F9EC1 /* PROJECT 5 - BASIC TABLE VIEW */ = {
			isa = PBXNativeTarget;
			buildConfigurationList = 16695A511C8AE08F009F9EC1 /* Build configuration list for PBXNativeTarget "PROJECT 5 - BASIC TABLE VIEW" */;
			buildPhases = (
				16695A3B1C8AE08F009F9EC1 /* Sources */,
				16695A3C1C8AE08F009F9EC1 /* Frameworks */,
				16695A3D1C8AE08F009F9EC1 /* Resources */,
			);
			buildRules = (
			);
			dependencies = (
			);
			name = "PROJECT 5 - BASIC TABLE VIEW";
			productName = "PROJECT 5 - BASIC TABLE VIEW";
			productReference = 16695A3F1C8AE08F009F9EC1 /* PROJECT 5 - BASIC TABLE VIEW.app */;
			productType = "com.apple.product-type.application";
		};
/* End PBXNativeTarget section */

/* Begin PBXProject section */
		16695A371C8AE08F009F9EC1 /* Project object */ = {
			isa = PBXProject;
			attributes = {
				LastSwiftUpdateCheck = 0720;
				LastUpgradeCheck = 0720;
				ORGANIZATIONNAME = heshaoyi;
				TargetAttributes = {
					16695A3E1C8AE08F009F9EC1 = {
						CreatedOnToolsVersion = 7.2.1;
					};
				};
			};
			buildConfigurationList = 16695A3A1C8AE08F009F9EC1 /* Build configuration list for PBXProject "PROJECT 5 - BASIC TABLE VIEW" */;
			compatibilityVersion = "Xcode 3.2";
			developmentRegion = English;
			hasScannedForEncodings = 0;
			knownRegions = (
				en,
				Base,
			);
			mainGroup = 16695A361C8AE08F009F9EC1;
			productRefGroup = 16695A401C8AE08F009F9EC1 /* Products */;
			projectDirPath = "";
			projectRoot = "";
			targets = (
				16695A3E1C8AE08F009F9EC1 /* PROJECT 5 - BASIC TABLE VIEW */,
			);
		};
/* End PBXProject section */

/* Begin PBXResourcesBuildPhase section */
		16695A3D1C8AE08F009F9EC1 /* Resources */ = {
			isa = PBXResourcesBuildPhase;
			buildActionMask = 2147483647;
			files = (
				16695A4D1C8AE08F009F9EC1 /* LaunchScreen.storyboard in Resources */,
				16695A4A1C8AE08F009F9EC1 /* Assets.xcassets in Resources */,
				16695A481C8AE08F009F9EC1 /* Main.storyboard in Resources */,
			);
			runOnlyForDeploymentPostprocessing = 0;
		};
/* End PBXResourcesBuildPhase section */

/* Begin PBXSourcesBuildPhase section */
		16695A3B1C8AE08F009F9EC1 /* Sources */ = {
			isa = PBXSourcesBuildPhase;
			buildActionMask = 2147483647;
			files = (
				16695A571C8AE672009F9EC1 /* MovieStore.swift in Sources */,
				16695A451C8AE08F009F9EC1 /* MovieViewController.swift in Sources */,
				16695A431C8AE08F009F9EC1 /* AppDelegate.swift in Sources */,
				16695A551C8AE629009F9EC1 /* Movie.swift in Sources */,
			);
			runOnlyForDeploymentPostprocessing = 0;
		};
/* End PBXSourcesBuildPhase section */

/* Begin PBXVariantGroup section */
		16695A461C8AE08F009F9EC1 /* Main.storyboard */ = {
			isa = PBXVariantGroup;
			children = (
				16695A471C8AE08F009F9EC1 /* Base */,
			);
			name = Main.storyboard;
			sourceTree = "<group>";
		};
		16695A4B1C8AE08F009F9EC1 /* LaunchScreen.storyboard */ = {
			isa = PBXVariantGroup;
			children = (
				16695A4C1C8AE08F009F9EC1 /* Base */,
			);
			name = LaunchScreen.storyboard;
			sourceTree = "<group>";
		};
/* End PBXVariantGroup section */

/* Begin XCBuildConfiguration section */
		16695A4F1C8AE08F009F9EC1 /* Debug */ = {
			isa = XCBuildConfiguration;
			buildSettings = {
				ALWAYS_SEARCH_USER_PATHS = NO;
				CLANG_CXX_LANGUAGE_STANDARD = "gnu++0x";
				CLANG_CXX_LIBRARY = "libc++";
				CLANG_ENABLE_MODULES = YES;
				CLANG_ENABLE_OBJC_ARC = YES;
				CLANG_WARN_BOOL_CONVERSION = YES;
				CLANG_WARN_CONSTANT_CONVERSION = YES;
				CLANG_WARN_DIRECT_OBJC_ISA_USAGE = YES_ERROR;
				CLANG_WARN_EMPTY_BODY = YES;
				CLANG_WARN_ENUM_CONVERSION = YES;
				CLANG_WARN_INT_CONVERSION = YES;
				CLANG_WARN_OBJC_ROOT_CLASS = YES_ERROR;
				CLANG_WARN_UNREACHABLE_CODE = YES;
				CLANG_WARN__DUPLICATE_METHOD_MATCH = YES;
				"CODE_SIGN_IDENTITY[sdk=iphoneos*]" = "iPhone Developer";
				COPY_PHASE_STRIP = NO;
				DEBUG_INFORMATION_FORMAT = dwarf;
				ENABLE_STRICT_OBJC_MSGSEND = YES;
				ENABLE_TESTABILITY = YES;
				GCC_C_LANGUAGE_STANDARD = gnu99;
				GCC_DYNAMIC_NO_PIC = NO;
				GCC_NO_COMMON_BLOCKS = YES;
				GCC_OPTIMIZATION_LEVEL = 0;
				GCC_PREPROCESSOR_DEFINITIONS = (
					"DEBUG=1",
					"$(inherited)",
				);
				GCC_WARN_64_TO_32_BIT_CONVERSION = YES;
				GCC_WARN_ABOUT_RETURN_TYPE = YES_ERROR;
				GCC_WARN_UNDECLARED_SELECTOR = YES;
				GCC_WARN_UNINITIALIZED_AUTOS = YES_AGGRESSIVE;
				GCC_WARN_UNUSED_FUNCTION = YES;
				GCC_WARN_UNUSED_VARIABLE = YES;
				IPHONEOS_DEPLOYMENT_TARGET = 9.2;
				MTL_ENABLE_DEBUG_INFO = YES;
				ONLY_ACTIVE_ARCH = YES;
				SDKROOT = iphoneos;
				SWIFT_OPTIMIZATION_LEVEL = "-Onone";
			};
			name = Debug;
		};
		16695A501C8AE08F009F9EC1 /* Release */ = {
			isa = XCBuildConfiguration;
			buildSettings = {
				ALWAYS_SEARCH_USER_PATHS = NO;
				CLANG_CXX_LANGUAGE_STANDARD = "gnu++0x";
				CLANG_CXX_LIBRARY = "libc++";
				CLANG_ENABLE_MODULES = YES;
				CLANG_ENABLE_OBJC_ARC = YES;
				CLANG_WARN_BOOL_CONVERSION = YES;
				CLANG_WARN_CONSTANT_CONVERSION = YES;
				CLANG_WARN_DIRECT_OBJC_ISA_USAGE = YES_ERROR;
				CLANG_WARN_EMPTY_BODY = YES;
				CLANG_WARN_ENUM_CONVERSION = YES;
				CLANG_WARN_INT_CONVERSION = YES;
				CLANG_WARN_OBJC_ROOT_CLASS = YES_ERROR;
				CLANG_WARN_UNREACHABLE_CODE = YES;
				CLANG_WARN__DUPLICATE_METHOD_MATCH = YES;
				"CODE_SIGN_IDENTITY[sdk=iphoneos*]" = "iPhone Developer";
				COPY_PHASE_STRIP = NO;
				DEBUG_INFORMATION_FORMAT = "dwarf-with-dsym";
				ENABLE_NS_ASSERTIONS = NO;
				ENABLE_STRICT_OBJC_MSGSEND = YES;
				GCC_C_LANGUAGE_STANDARD = gnu99;
				GCC_NO_COMMON_BLOCKS = YES;
				GCC_WARN_64_TO_32_BIT_CONVERSION = YES;
				GCC_WARN_ABOUT_RETURN_TYPE = YES_ERROR;
				GCC_WARN_UNDECLARED_SELECTOR = YES;
				GCC_WARN_UNINITIALIZED_AUTOS = YES_AGGRESSIVE;
				GCC_WARN_UNUSED_FUNCTION = YES;
				GCC_WARN_UNUSED_VARIABLE = YES;
				IPHONEOS_DEPLOYMENT_TARGET = 9.2;
				MTL_ENABLE_DEBUG_INFO = NO;
				SDKROOT = iphoneos;
				VALIDATE_PRODUCT = YES;
			};
			name = Release;
		};
		16695A521C8AE08F009F9EC1 /* Debug */ = {
			isa = XCBuildConfiguration;
			buildSettings = {
				ASSETCATALOG_COMPILER_APPICON_NAME = AppIcon;
				INFOPLIST_FILE = "PROJECT 5 - BASIC TABLE VIEW/Info.plist";
				LD_RUNPATH_SEARCH_PATHS = "$(inherited) @executable_path/Frameworks";
				PRODUCT_BUNDLE_IDENTIFIER = "com.heshaoyi.PROJECT-5---BASIC-TABLE-VIEW";
				PRODUCT_NAME = "$(TARGET_NAME)";
			};
			name = Debug;
		};
		16695A531C8AE08F009F9EC1 /* Release */ = {
			isa = XCBuildConfiguration;
			buildSettings = {
				ASSETCATALOG_COMPILER_APPICON_NAME = AppIcon;
				INFOPLIST_FILE = "PROJECT 5 - BASIC TABLE VIEW/Info.plist";
				LD_RUNPATH_SEARCH_PATHS = "$(inherited) @executable_path/Frameworks";
				PRODUCT_BUNDLE_IDENTIFIER = "com.heshaoyi.PROJECT-5---BASIC-TABLE-VIEW";
				PRODUCT_NAME = "$(TARGET_NAME)";
			};
			name = Release;
		};
/* End XCBuildConfiguration section */

/* Begin XCConfigurationList section */
		16695A3A1C8AE08F009F9EC1 /* Build configuration list for PBXProject "PROJECT 5 - BASIC TABLE VIEW" */ = {
			isa = XCConfigurationList;
			buildConfigurations = (
				16695A4F1C8AE08F009F9EC1 /* Debug */,
				16695A501C8AE08F009F9EC1 /* Release */,
			);
			defaultConfigurationIsVisible = 0;
			defaultConfigurationName = Release;
		};
		16695A511C8AE08F009F9EC1 /* Build configuration list for PBXNativeTarget "PROJECT 5 - BASIC TABLE VIEW" */ = {
			isa = XCConfigurationList;
			buildConfigurations = (
				16695A521C8AE08F009F9EC1 /* Debug */,
				16695A531C8AE08F009F9EC1 /* Release */,
			);
			defaultConfigurationIsVisible = 0;
		};
/* End XCConfigurationList section */
	};
	rootObject = 16695A371C8AE08F009F9EC1 /* Project object */;
}
