// !$*UTF8*$!
{
	archiveVersion = 1;
	classes = {
	};
	objectVersion = 46;
	objects = {

/* Begin PBXBuildFile section */
		166959FF1C8A79DF009F9EC1 /* AppDelegate.swift in Sources */ = {isa = PBXBuildFile; fileRef = 166959FE1C8A79DF009F9EC1 /* AppDelegate.swift */; };
		16695A011C8A79DF009F9EC1 /* TipCalcuViewController.swift in Sources */ = {isa = PBXBuildFile; fileRef = 16695A001C8A79DF009F9EC1 /* TipCalcuViewController.swift */; };
		16695A041C8A79DF009F9EC1 /* Main.storyboard in Resources */ = {isa = PBXBuildFile; fileRef = 16695A021C8A79DF009F9EC1 /* Main.storyboard */; };
		16695A061C8A79DF009F9EC1 /* Assets.xcassets in Resources */ = {isa = PBXBuildFile; fileRef = 16695A051C8A79DF009F9EC1 /* Assets.xcassets */; };
		16695A091C8A79DF009F9EC1 /* LaunchScreen.storyboard in Resources */ = {isa = PBXBuildFile; fileRef = 16695A071C8A79DF009F9EC1 /* LaunchScreen.storyboard */; };
/* End PBXBuildFile section */

/* Begin PBXFileReference section */
		166959FB1C8A79DF009F9EC1 /* PROJECT 4 - TIP CALCULATOR.app */ = {isa = PBXFileReference; explicitFileType = wrapper.application; includeInIndex = 0; path = "PROJECT 4 - TIP CALCULATOR.app"; sourceTree = BUILT_PRODUCTS_DIR; };
		166959FE1C8A79DF009F9EC1 /* AppDelegate.swift */ = {isa = PBXFileReference; lastKnownFileType = sourcecode.swift; path = AppDelegate.swift; sourceTree = "<group>"; };
		16695A001C8A79DF009F9EC1 /* TipCalcuViewController.swift */ = {isa = PBXFileReference; lastKnownFileType = sourcecode.swift; path = TipCalcuViewController.swift; sourceTree = "<group>"; };
		16695A031C8A79DF009F9EC1 /* Base */ = {isa = PBXFileReference; lastKnownFileType = file.storyboard; name = Base; path = Base.lproj/Main.storyboard; sourceTree = "<group>"; };
		16695A051C8A79DF009F9EC1 /* Assets.xcassets */ = {isa = PBXFileReference; lastKnownFileType = folder.assetcatalog; path = Assets.xcassets; sourceTree = "<group>"; };
		16695A081C8A79DF009F9EC1 /* Base */ = {isa = PBXFileReference; lastKnownFileType = file.storyboard; name = Base; path = Base.lproj/LaunchScreen.storyboard; sourceTree = "<group>"; };
		16695A0A1C8A79DF009F9EC1 /* Info.plist */ = {isa = PBXFileReference; lastKnownFileType = text.plist.xml; path = Info.plist; sourceTree = "<group>"; };
/* End PBXFileReference section */

/* Begin PBXFrameworksBuildPhase section */
		166959F81C8A79DF009F9EC1 /* Frameworks */ = {
			isa = PBXFrameworksBuildPhase;
			buildActionMask = 2147483647;
			files = (
			);
			runOnlyForDeploymentPostprocessing = 0;
		};
/* End PBXFrameworksBuildPhase section */

/* Begin PBXGroup section */
		166959F21C8A79DF009F9EC1 = {
			isa = PBXGroup;
			children = (
				166959FD1C8A79DF009F9EC1 /* PROJECT 4 - TIP CALCULATOR */,
				166959FC1C8A79DF009F9EC1 /* Products */,
			);
			sourceTree = "<group>";
		};
		166959FC1C8A79DF009F9EC1 /* Products */ = {
			isa = PBXGroup;
			children = (
				166959FB1C8A79DF009F9EC1 /* PROJECT 4 - TIP CALCULATOR.app */,
			);
			name = Products;
			sourceTree = "<group>";
		};
		166959FD1C8A79DF009F9EC1 /* PROJECT 4 - TIP CALCULATOR */ = {
			isa = PBXGroup;
			children = (
				166959FE1C8A79DF009F9EC1 /* AppDelegate.swift */,
				16695A001C8A79DF009F9EC1 /* TipCalcuViewController.swift */,
				16695A021C8A79DF009F9EC1 /* Main.storyboard */,
				16695A051C8A79DF009F9EC1 /* Assets.xcassets */,
				16695A071C8A79DF009F9EC1 /* LaunchScreen.storyboard */,
				16695A0A1C8A79DF009F9EC1 /* Info.plist */,
			);
			path = "PROJECT 4 - TIP CALCULATOR";
			sourceTree = "<group>";
		};
/* End PBXGroup section */

/* Begin PBXNativeTarget section */
		166959FA1C8A79DF009F9EC1 /* PROJECT 4 - TIP CALCULATOR */ = {
			isa = PBXNativeTarget;
			buildConfigurationList = 16695A0D1C8A79DF009F9EC1 /* Build configuration list for PBXNativeTarget "PROJECT 4 - TIP CALCULATOR" */;
			buildPhases = (
				166959F71C8A79DF009F9EC1 /* Sources */,
				166959F81C8A79DF009F9EC1 /* Frameworks */,
				166959F91C8A79DF009F9EC1 /* Resources */,
			);
			buildRules = (
			);
			dependencies = (
			);
			name = "PROJECT 4 - TIP CALCULATOR";
			productName = "PROJECT 4 - TIP CALCULATOR";
			productReference = 166959FB1C8A79DF009F9EC1 /* PROJECT 4 - TIP CALCULATOR.app */;
			productType = "com.apple.product-type.application";
		};
/* End PBXNativeTarget section */

/* Begin PBXProject section */
		166959F31C8A79DF009F9EC1 /* Project object */ = {
			isa = PBXProject;
			attributes = {
				LastSwiftUpdateCheck = 0720;
				LastUpgradeCheck = 0720;
				ORGANIZATIONNAME = heshaoyi;
				TargetAttributes = {
					166959FA1C8A79DF009F9EC1 = {
						CreatedOnToolsVersion = 7.2.1;
					};
				};
			};
			buildConfigurationList = 166959F61C8A79DF009F9EC1 /* Build configuration list for PBXProject "PROJECT 4 - TIP CALCULATOR" */;
			compatibilityVersion = "Xcode 3.2";
			developmentRegion = English;
			hasScannedForEncodings = 0;
			knownRegions = (
				en,
				Base,
			);
			mainGroup = 166959F21C8A79DF009F9EC1;
			productRefGroup = 166959FC1C8A79DF009F9EC1 /* Products */;
			projectDirPath = "";
			projectRoot = "";
			targets = (
				166959FA1C8A79DF009F9EC1 /* PROJECT 4 - TIP CALCULATOR */,
			);
		};
/* End PBXProject section */

/* Begin PBXResourcesBuildPhase section */
		166959F91C8A79DF009F9EC1 /* Resources */ = {
			isa = PBXResourcesBuildPhase;
			buildActionMask = 2147483647;
			files = (
				16695A091C8A79DF009F9EC1 /* LaunchScreen.storyboard in Resources */,
				16695A061C8A79DF009F9EC1 /* Assets.xcassets in Resources */,
				16695A041C8A79DF009F9EC1 /* Main.storyboard in Resources */,
			);
			runOnlyForDeploymentPostprocessing = 0;
		};
/* End PBXResourcesBuildPhase section */

/* Begin PBXSourcesBuildPhase section */
		166959F71C8A79DF009F9EC1 /* Sources */ = {
			isa = PBXSourcesBuildPhase;
			buildActionMask = 2147483647;
			files = (
				16695A011C8A79DF009F9EC1 /* TipCalcuViewController.swift in Sources */,
				166959FF1C8A79DF009F9EC1 /* AppDelegate.swift in Sources */,
			);
			runOnlyForDeploymentPostprocessing = 0;
		};
/* End PBXSourcesBuildPhase section */

/* Begin PBXVariantGroup section */
		16695A021C8A79DF009F9EC1 /* Main.storyboard */ = {
			isa = PBXVariantGroup;
			children = (
				16695A031C8A79DF009F9EC1 /* Base */,
			);
			name = Main.storyboard;
			sourceTree = "<group>";
		};
		16695A071C8A79DF009F9EC1 /* LaunchScreen.storyboard */ = {
			isa = PBXVariantGroup;
			children = (
				16695A081C8A79DF009F9EC1 /* Base */,
			);
			name = LaunchScreen.storyboard;
			sourceTree = "<group>";
		};
/* End PBXVariantGroup section */

/* Begin XCBuildConfiguration section */
		16695A0B1C8A79DF009F9EC1 /* Debug */ = {
			isa = XCBuildConfiguration;
			buildSettings = {
				ALWAYS_SEARCH_USER_PATHS = NO;
				CLANG_CXX_LANGUAGE_STANDARD = "gnu++0x";
				CLANG_CXX_LIBRARY = "libc++";
				CLANG_ENABLE_MODULES = YES;
				CLANG_ENABLE_OBJC_ARC = YES;
				CLANG_WARN_BOOL_CONVERSION = YES;
				CLANG_WARN_CONSTANT_CONVERSION = YES;
				CLANG_WARN_DIRECT_OBJC_ISA_USAGE = YES_ERROR;
				CLANG_WARN_EMPTY_BODY = YES;
				CLANG_WARN_ENUM_CONVERSION = YES;
				CLANG_WARN_INT_CONVERSION = YES;
				CLANG_WARN_OBJC_ROOT_CLASS = YES_ERROR;
				CLANG_WARN_UNREACHABLE_CODE = YES;
				CLANG_WARN__DUPLICATE_METHOD_MATCH = YES;
				"CODE_SIGN_IDENTITY[sdk=iphoneos*]" = "iPhone Developer";
				COPY_PHASE_STRIP = NO;
				DEBUG_INFORMATION_FORMAT = dwarf;
				ENABLE_STRICT_OBJC_MSGSEND = YES;
				ENABLE_TESTABILITY = YES;
				GCC_C_LANGUAGE_STANDARD = gnu99;
				GCC_DYNAMIC_NO_PIC = NO;
				GCC_NO_COMMON_BLOCKS = YES;
				GCC_OPTIMIZATION_LEVEL = 0;
				GCC_PREPROCESSOR_DEFINITIONS = (
					"DEBUG=1",
					"$(inherited)",
				);
				GCC_WARN_64_TO_32_BIT_CONVERSION = YES;
				GCC_WARN_ABOUT_RETURN_TYPE = YES_ERROR;
				GCC_WARN_UNDECLARED_SELECTOR = YES;
				GCC_WARN_UNINITIALIZED_AUTOS = YES_AGGRESSIVE;
				GCC_WARN_UNUSED_FUNCTION = YES;
				GCC_WARN_UNUSED_VARIABLE = YES;
				IPHONEOS_DEPLOYMENT_TARGET = 9.2;
				MTL_ENABLE_DEBUG_INFO = YES;
				ONLY_ACTIVE_ARCH = YES;
				SDKROOT = iphoneos;
				SWIFT_OPTIMIZATION_LEVEL = "-Onone";
			};
			name = Debug;
		};
		16695A0C1C8A79DF009F9EC1 /* Release */ = {
			isa = XCBuildConfiguration;
			buildSettings = {
				ALWAYS_SEARCH_USER_PATHS = NO;
				CLANG_CXX_LANGUAGE_STANDARD = "gnu++0x";
				CLANG_CXX_LIBRARY = "libc++";
				CLANG_ENABLE_MODULES = YES;
				CLANG_ENABLE_OBJC_ARC = YES;
				CLANG_WARN_BOOL_CONVERSION = YES;
				CLANG_WARN_CONSTANT_CONVERSION = YES;
				CLANG_WARN_DIRECT_OBJC_ISA_USAGE = YES_ERROR;
				CLANG_WARN_EMPTY_BODY = YES;
				CLANG_WARN_ENUM_CONVERSION = YES;
				CLANG_WARN_INT_CONVERSION = YES;
				CLANG_WARN_OBJC_ROOT_CLASS = YES_ERROR;
				CLANG_WARN_UNREACHABLE_CODE = YES;
				CLANG_WARN__DUPLICATE_METHOD_MATCH = YES;
				"CODE_SIGN_IDENTITY[sdk=iphoneos*]" = "iPhone Developer";
				COPY_PHASE_STRIP = NO;
				DEBUG_INFORMATION_FORMAT = "dwarf-with-dsym";
				ENABLE_NS_ASSERTIONS = NO;
				ENABLE_STRICT_OBJC_MSGSEND = YES;
				GCC_C_LANGUAGE_STANDARD = gnu99;
				GCC_NO_COMMON_BLOCKS = YES;
				GCC_WARN_64_TO_32_BIT_CONVERSION = YES;
				GCC_WARN_ABOUT_RETURN_TYPE = YES_ERROR;
				GCC_WARN_UNDECLARED_SELECTOR = YES;
				GCC_WARN_UNINITIALIZED_AUTOS = YES_AGGRESSIVE;
				GCC_WARN_UNUSED_FUNCTION = YES;
				GCC_WARN_UNUSED_VARIABLE = YES;
				IPHONEOS_DEPLOYMENT_TARGET = 9.2;
				MTL_ENABLE_DEBUG_INFO = NO;
				SDKROOT = iphoneos;
				VALIDATE_PRODUCT = YES;
			};
			name = Release;
		};
		16695A0E1C8A79DF009F9EC1 /* Debug */ = {
			isa = XCBuildConfiguration;
			buildSettings = {
				ASSETCATALOG_COMPILER_APPICON_NAME = AppIcon;
				INFOPLIST_FILE = "PROJECT 4 - TIP CALCULATOR/Info.plist";
				LD_RUNPATH_SEARCH_PATHS = "$(inherited) @executable_path/Frameworks";
				PRODUCT_BUNDLE_IDENTIFIER = "com.heshaoyi.PROJECT-4---TIP-CALCULATOR";
				PRODUCT_NAME = "$(TARGET_NAME)";
			};
			name = Debug;
		};
		16695A0F1C8A79DF009F9EC1 /* Release */ = {
			isa = XCBuildConfiguration;
			buildSettings = {
				ASSETCATALOG_COMPILER_APPICON_NAME = AppIcon;
				INFOPLIST_FILE = "PROJECT 4 - TIP CALCULATOR/Info.plist";
				LD_RUNPATH_SEARCH_PATHS = "$(inherited) @executable_path/Frameworks";
				PRODUCT_BUNDLE_IDENTIFIER = "com.heshaoyi.PROJECT-4---TIP-CALCULATOR";
				PRODUCT_NAME = "$(TARGET_NAME)";
			};
			name = Release;
		};
/* End XCBuildConfiguration section */

/* Begin XCConfigurationList section */
		166959F61C8A79DF009F9EC1 /* Build configuration list for PBXProject "PROJECT 4 - TIP CALCULATOR" */ = {
			isa = XCConfigurationList;
			buildConfigurations = (
				16695A0B1C8A79DF009F9EC1 /* Debug */,
				16695A0C1C8A79DF009F9EC1 /* Release */,
			);
			defaultConfigurationIsVisible = 0;
			defaultConfigurationName = Release;
		};
		16695A0D1C8A79DF009F9EC1 /* Build configuration list for PBXNativeTarget "PROJECT 4 - TIP CALCULATOR" */ = {
			isa = XCConfigurationList;
			buildConfigurations = (
				16695A0E1C8A79DF009F9EC1 /* Debug */,
				16695A0F1C8A79DF009F9EC1 /* Release */,
			);
			defaultConfigurationIsVisible = 0;
		};
/* End XCConfigurationList section */
	};
	rootObject = 166959F31C8A79DF009F9EC1 /* Project object */;
}
