// !$*UTF8*$!
{
	archiveVersion = 1;
	classes = {
	};
	objectVersion = 46;
	objects = {

/* Begin PBXBuildFile section */
		16E7AE471C902FCE0059136E /* AppDelegate.swift in Sources */ = {isa = PBXBuildFile; fileRef = 16E7AE461C902FCE0059136E /* AppDelegate.swift */; };
		16E7AE4C1C902FCE0059136E /* Main.storyboard in Resources */ = {isa = PBXBuildFile; fileRef = 16E7AE4A1C902FCE0059136E /* Main.storyboard */; };
		16E7AE4E1C902FCE0059136E /* Assets.xcassets in Resources */ = {isa = PBXBuildFile; fileRef = 16E7AE4D1C902FCE0059136E /* Assets.xcassets */; };
		16E7AE511C902FCE0059136E /* LaunchScreen.storyboard in Resources */ = {isa = PBXBuildFile; fileRef = 16E7AE4F1C902FCE0059136E /* LaunchScreen.storyboard */; };
		16E7AE5A1C9030520059136E /* Movie.swift in Sources */ = {isa = PBXBuildFile; fileRef = 16E7AE581C9030520059136E /* Movie.swift */; };
		16E7AE5B1C9030520059136E /* MovieStore.swift in Sources */ = {isa = PBXBuildFile; fileRef = 16E7AE591C9030520059136E /* MovieStore.swift */; };
		16E7AE5D1C90306F0059136E /* MovieViewController.swift in Sources */ = {isa = PBXBuildFile; fileRef = 16E7AE5C1C90306F0059136E /* MovieViewController.swift */; };
/* End PBXBuildFile section */

/* Begin PBXFileReference section */
		16E7AE431C902FCE0059136E /* 13 - STICKY SECTION HEADERS.app */ = {isa = PBXFileReference; explicitFileType = wrapper.application; includeInIndex = 0; path = "13 - STICKY SECTION HEADERS.app"; sourceTree = BUILT_PRODUCTS_DIR; };
		16E7AE461C902FCE0059136E /* AppDelegate.swift */ = {isa = PBXFileReference; lastKnownFileType = sourcecode.swift; path = AppDelegate.swift; sourceTree = "<group>"; };
		16E7AE4B1C902FCE0059136E /* Base */ = {isa = PBXFileReference; lastKnownFileType = file.storyboard; name = Base; path = Base.lproj/Main.storyboard; sourceTree = "<group>"; };
		16E7AE4D1C902FCE0059136E /* Assets.xcassets */ = {isa = PBXFileReference; lastKnownFileType = folder.assetcatalog; path = Assets.xcassets; sourceTree = "<group>"; };
		16E7AE501C902FCE0059136E /* Base */ = {isa = PBXFileReference; lastKnownFileType = file.storyboard; name = Base; path = Base.lproj/LaunchScreen.storyboard; sourceTree = "<group>"; };
		16E7AE521C902FCE0059136E /* Info.plist */ = {isa = PBXFileReference; lastKnownFileType = text.plist.xml; path = Info.plist; sourceTree = "<group>"; };
		16E7AE581C9030520059136E /* Movie.swift */ = {isa = PBXFileReference; fileEncoding = 4; lastKnownFileType = sourcecode.swift; path = Movie.swift; sourceTree = "<group>"; };
		16E7AE591C9030520059136E /* MovieStore.swift */ = {isa = PBXFileReference; fileEncoding = 4; lastKnownFileType = sourcecode.swift; path = MovieStore.swift; sourceTree = "<group>"; };
		16E7AE5C1C90306F0059136E /* MovieViewController.swift */ = {isa = PBXFileReference; fileEncoding = 4; lastKnownFileType = sourcecode.swift; path = MovieViewController.swift; sourceTree = "<group>"; };
/* End PBXFileReference section */

/* Begin PBXFrameworksBuildPhase section */
		16E7AE401C902FCE0059136E /* Frameworks */ = {
			isa = PBXFrameworksBuildPhase;
			buildActionMask = 2147483647;
			files = (
			);
			runOnlyForDeploymentPostprocessing = 0;
		};
/* End PBXFrameworksBuildPhase section */

/* Begin PBXGroup section */
		16E7AE3A1C902FCE0059136E = {
			isa = PBXGroup;
			children = (
				16E7AE451C902FCE0059136E /* 13 - STICKY SECTION HEADERS */,
				16E7AE441C902FCE0059136E /* Products */,
			);
			sourceTree = "<group>";
		};
		16E7AE441C902FCE0059136E /* Products */ = {
			isa = PBXGroup;
			children = (
				16E7AE431C902FCE0059136E /* 13 - STICKY SECTION HEADERS.app */,
			);
			name = Products;
			sourceTree = "<group>";
		};
		16E7AE451C902FCE0059136E /* 13 - STICKY SECTION HEADERS */ = {
			isa = PBXGroup;
			children = (
				16E7AE461C902FCE0059136E /* AppDelegate.swift */,
				16E7AE581C9030520059136E /* Movie.swift */,
				16E7AE591C9030520059136E /* MovieStore.swift */,
				16E7AE4A1C902FCE0059136E /* Main.storyboard */,
				16E7AE5C1C90306F0059136E /* MovieViewController.swift */,
				16E7AE4D1C902FCE0059136E /* Assets.xcassets */,
				16E7AE4F1C902FCE0059136E /* LaunchScreen.storyboard */,
				16E7AE521C902FCE0059136E /* Info.plist */,
			);
			path = "13 - STICKY SECTION HEADERS";
			sourceTree = "<group>";
		};
/* End PBXGroup section */

/* Begin PBXNativeTarget section */
		16E7AE421C902FCE0059136E /* 13 - STICKY SECTION HEADERS */ = {
			isa = PBXNativeTarget;
			buildConfigurationList = 16E7AE551C902FCE0059136E /* Build configuration list for PBXNativeTarget "13 - STICKY SECTION HEADERS" */;
			buildPhases = (
				16E7AE3F1C902FCE0059136E /* Sources */,
				16E7AE401C902FCE0059136E /* Frameworks */,
				16E7AE411C902FCE0059136E /* Resources */,
			);
			buildRules = (
			);
			dependencies = (
			);
			name = "13 - STICKY SECTION HEADERS";
			productName = "13 - STICKY SECTION HEADERS";
			productReference = 16E7AE431C902FCE0059136E /* 13 - STICKY SECTION HEADERS.app */;
			productType = "com.apple.product-type.application";
		};
/* End PBXNativeTarget section */

/* Begin PBXProject section */
		16E7AE3B1C902FCE0059136E /* Project object */ = {
			isa = PBXProject;
			attributes = {
				LastSwiftUpdateCheck = 0720;
				LastUpgradeCheck = 0720;
				ORGANIZATIONNAME = heshaoyi;
				TargetAttributes = {
					16E7AE421C902FCE0059136E = {
						CreatedOnToolsVersion = 7.2.1;
					};
				};
			};
			buildConfigurationList = 16E7AE3E1C902FCE0059136E /* Build configuration list for PBXProject "13 - STICKY SECTION HEADERS" */;
			compatibilityVersion = "Xcode 3.2";
			developmentRegion = English;
			hasScannedForEncodings = 0;
			knownRegions = (
				en,
				Base,
			);
			mainGroup = 16E7AE3A1C902FCE0059136E;
			productRefGroup = 16E7AE441C902FCE0059136E /* Products */;
			projectDirPath = "";
			projectRoot = "";
			targets = (
				16E7AE421C902FCE0059136E /* 13 - STICKY SECTION HEADERS */,
			);
		};
/* End PBXProject section */

/* Begin PBXResourcesBuildPhase section */
		16E7AE411C902FCE0059136E /* Resources */ = {
			isa = PBXResourcesBuildPhase;
			buildActionMask = 2147483647;
			files = (
				16E7AE511C902FCE0059136E /* LaunchScreen.storyboard in Resources */,
				16E7AE4E1C902FCE0059136E /* Assets.xcassets in Resources */,
				16E7AE4C1C902FCE0059136E /* Main.storyboard in Resources */,
			);
			runOnlyForDeploymentPostprocessing = 0;
		};
/* End PBXResourcesBuildPhase section */

/* Begin PBXSourcesBuildPhase section */
		16E7AE3F1C902FCE0059136E /* Sources */ = {
			isa = PBXSourcesBuildPhase;
			buildActionMask = 2147483647;
			files = (
				16E7AE5B1C9030520059136E /* MovieStore.swift in Sources */,
				16E7AE471C902FCE0059136E /* AppDelegate.swift in Sources */,
				16E7AE5A1C9030520059136E /* Movie.swift in Sources */,
				16E7AE5D1C90306F0059136E /* MovieViewController.swift in Sources */,
			);
			runOnlyForDeploymentPostprocessing = 0;
		};
/* End PBXSourcesBuildPhase section */

/* Begin PBXVariantGroup section */
		16E7AE4A1C902FCE0059136E /* Main.storyboard */ = {
			isa = PBXVariantGroup;
			children = (
				16E7AE4B1C902FCE0059136E /* Base */,
			);
			name = Main.storyboard;
			sourceTree = "<group>";
		};
		16E7AE4F1C902FCE0059136E /* LaunchScreen.storyboard */ = {
			isa = PBXVariantGroup;
			children = (
				16E7AE501C902FCE0059136E /* Base */,
			);
			name = LaunchScreen.storyboard;
			sourceTree = "<group>";
		};
/* End PBXVariantGroup section */

/* Begin XCBuildConfiguration section */
		16E7AE531C902FCE0059136E /* Debug */ = {
			isa = XCBuildConfiguration;
			buildSettings = {
				ALWAYS_SEARCH_USER_PATHS = NO;
				CLANG_CXX_LANGUAGE_STANDARD = "gnu++0x";
				CLANG_CXX_LIBRARY = "libc++";
				CLANG_ENABLE_MODULES = YES;
				CLANG_ENABLE_OBJC_ARC = YES;
				CLANG_WARN_BOOL_CONVERSION = YES;
				CLANG_WARN_CONSTANT_CONVERSION = YES;
				CLANG_WARN_DIRECT_OBJC_ISA_USAGE = YES_ERROR;
				CLANG_WARN_EMPTY_BODY = YES;
				CLANG_WARN_ENUM_CONVERSION = YES;
				CLANG_WARN_INT_CONVERSION = YES;
				CLANG_WARN_OBJC_ROOT_CLASS = YES_ERROR;
				CLANG_WARN_UNREACHABLE_CODE = YES;
				CLANG_WARN__DUPLICATE_METHOD_MATCH = YES;
				"CODE_SIGN_IDENTITY[sdk=iphoneos*]" = "iPhone Developer";
				COPY_PHASE_STRIP = NO;
				DEBUG_INFORMATION_FORMAT = dwarf;
				ENABLE_STRICT_OBJC_MSGSEND = YES;
				ENABLE_TESTABILITY = YES;
				GCC_C_LANGUAGE_STANDARD = gnu99;
				GCC_DYNAMIC_NO_PIC = NO;
				GCC_NO_COMMON_BLOCKS = YES;
				GCC_OPTIMIZATION_LEVEL = 0;
				GCC_PREPROCESSOR_DEFINITIONS = (
					"DEBUG=1",
					"$(inherited)",
				);
				GCC_WARN_64_TO_32_BIT_CONVERSION = YES;
				GCC_WARN_ABOUT_RETURN_TYPE = YES_ERROR;
				GCC_WARN_UNDECLARED_SELECTOR = YES;
				GCC_WARN_UNINITIALIZED_AUTOS = YES_AGGRESSIVE;
				GCC_WARN_UNUSED_FUNCTION = YES;
				GCC_WARN_UNUSED_VARIABLE = YES;
				IPHONEOS_DEPLOYMENT_TARGET = 9.2;
				MTL_ENABLE_DEBUG_INFO = YES;
				ONLY_ACTIVE_ARCH = YES;
				SDKROOT = iphoneos;
				SWIFT_OPTIMIZATION_LEVEL = "-Onone";
			};
			name = Debug;
		};
		16E7AE541C902FCE0059136E /* Release */ = {
			isa = XCBuildConfiguration;
			buildSettings = {
				ALWAYS_SEARCH_USER_PATHS = NO;
				CLANG_CXX_LANGUAGE_STANDARD = "gnu++0x";
				CLANG_CXX_LIBRARY = "libc++";
				CLANG_ENABLE_MODULES = YES;
				CLANG_ENABLE_OBJC_ARC = YES;
				CLANG_WARN_BOOL_CONVERSION = YES;
				CLANG_WARN_CONSTANT_CONVERSION = YES;
				CLANG_WARN_DIRECT_OBJC_ISA_USAGE = YES_ERROR;
				CLANG_WARN_EMPTY_BODY = YES;
				CLANG_WARN_ENUM_CONVERSION = YES;
				CLANG_WARN_INT_CONVERSION = YES;
				CLANG_WARN_OBJC_ROOT_CLASS = YES_ERROR;
				CLANG_WARN_UNREACHABLE_CODE = YES;
				CLANG_WARN__DUPLICATE_METHOD_MATCH = YES;
				"CODE_SIGN_IDENTITY[sdk=iphoneos*]" = "iPhone Developer";
				COPY_PHASE_STRIP = NO;
				DEBUG_INFORMATION_FORMAT = "dwarf-with-dsym";
				ENABLE_NS_ASSERTIONS = NO;
				ENABLE_STRICT_OBJC_MSGSEND = YES;
				GCC_C_LANGUAGE_STANDARD = gnu99;
				GCC_NO_COMMON_BLOCKS = YES;
				GCC_WARN_64_TO_32_BIT_CONVERSION = YES;
				GCC_WARN_ABOUT_RETURN_TYPE = YES_ERROR;
				GCC_WARN_UNDECLARED_SELECTOR = YES;
				GCC_WARN_UNINITIALIZED_AUTOS = YES_AGGRESSIVE;
				GCC_WARN_UNUSED_FUNCTION = YES;
				GCC_WARN_UNUSED_VARIABLE = YES;
				IPHONEOS_DEPLOYMENT_TARGET = 9.2;
				MTL_ENABLE_DEBUG_INFO = NO;
				SDKROOT = iphoneos;
				VALIDATE_PRODUCT = YES;
			};
			name = Release;
		};
		16E7AE561C902FCE0059136E /* Debug */ = {
			isa = XCBuildConfiguration;
			buildSettings = {
				ASSETCATALOG_COMPILER_APPICON_NAME = AppIcon;
				INFOPLIST_FILE = "13 - STICKY SECTION HEADERS/Info.plist";
				LD_RUNPATH_SEARCH_PATHS = "$(inherited) @executable_path/Frameworks";
				PRODUCT_BUNDLE_IDENTIFIER = "com.heshaoyi.-3---STICKY-SECTION-HEADERS";
				PRODUCT_NAME = "$(TARGET_NAME)";
			};
			name = Debug;
		};
		16E7AE571C902FCE0059136E /* Release */ = {
			isa = XCBuildConfiguration;
			buildSettings = {
				ASSETCATALOG_COMPILER_APPICON_NAME = AppIcon;
				INFOPLIST_FILE = "13 - STICKY SECTION HEADERS/Info.plist";
				LD_RUNPATH_SEARCH_PATHS = "$(inherited) @executable_path/Frameworks";
				PRODUCT_BUNDLE_IDENTIFIER = "com.heshaoyi.-3---STICKY-SECTION-HEADERS";
				PRODUCT_NAME = "$(TARGET_NAME)";
			};
			name = Release;
		};
/* End XCBuildConfiguration section */

/* Begin XCConfigurationList section */
		16E7AE3E1C902FCE0059136E /* Build configuration list for PBXProject "13 - STICKY SECTION HEADERS" */ = {
			isa = XCConfigurationList;
			buildConfigurations = (
				16E7AE531C902FCE0059136E /* Debug */,
				16E7AE541C902FCE0059136E /* Release */,
			);
			defaultConfigurationIsVisible = 0;
			defaultConfigurationName = Release;
		};
		16E7AE551C902FCE0059136E /* Build configuration list for PBXNativeTarget "13 - STICKY SECTION HEADERS" */ = {
			isa = XCConfigurationList;
			buildConfigurations = (
				16E7AE561C902FCE0059136E /* Debug */,
				16E7AE571C902FCE0059136E /* Release */,
			);
			defaultConfigurationIsVisible = 0;
			defaultConfigurationName = Release;
		};
/* End XCConfigurationList section */
	};
	rootObject = 16E7AE3B1C902FCE0059136E /* Project object */;
}
