// !$*UTF8*$!
{
	archiveVersion = 1;
	classes = {
	};
	objectVersion = 46;
	objects = {

/* Begin PBXBuildFile section */
		167A8CFC1C89BAAE00A71DA1 /* AppDelegate.swift in Sources */ = {isa = PBXBuildFile; fileRef = 167A8CFB1C89BAAE00A71DA1 /* AppDelegate.swift */; };
		167A8CFE1C89BAAE00A71DA1 /* ViewController.swift in Sources */ = {isa = PBXBuildFile; fileRef = 167A8CFD1C89BAAE00A71DA1 /* ViewController.swift */; };
		167A8D011C89BAAE00A71DA1 /* Main.storyboard in Resources */ = {isa = PBXBuildFile; fileRef = 167A8CFF1C89BAAE00A71DA1 /* Main.storyboard */; };
		167A8D031C89BAAE00A71DA1 /* Assets.xcassets in Resources */ = {isa = PBXBuildFile; fileRef = 167A8D021C89BAAE00A71DA1 /* Assets.xcassets */; };
		167A8D061C89BAAE00A71DA1 /* LaunchScreen.storyboard in Resources */ = {isa = PBXBuildFile; fileRef = 167A8D041C89BAAE00A71DA1 /* LaunchScreen.storyboard */; };
		167A8D0E1C89BBCF00A71DA1 /* iAd.framework in Frameworks */ = {isa = PBXBuildFile; fileRef = 167A8D0D1C89BBCF00A71DA1 /* iAd.framework */; };
/* End PBXBuildFile section */

/* Begin PBXFileReference section */
		167A8CF81C89BAAE00A71DA1 /* PROJECT 3 - SWIFT IAD.app */ = {isa = PBXFileReference; explicitFileType = wrapper.application; includeInIndex = 0; path = "PROJECT 3 - SWIFT IAD.app"; sourceTree = BUILT_PRODUCTS_DIR; };
		167A8CFB1C89BAAE00A71DA1 /* AppDelegate.swift */ = {isa = PBXFileReference; lastKnownFileType = sourcecode.swift; path = AppDelegate.swift; sourceTree = "<group>"; };
		167A8CFD1C89BAAE00A71DA1 /* ViewController.swift */ = {isa = PBXFileReference; lastKnownFileType = sourcecode.swift; path = ViewController.swift; sourceTree = "<group>"; };
		167A8D001C89BAAE00A71DA1 /* Base */ = {isa = PBXFileReference; lastKnownFileType = file.storyboard; name = Base; path = Base.lproj/Main.storyboard; sourceTree = "<group>"; };
		167A8D021C89BAAE00A71DA1 /* Assets.xcassets */ = {isa = PBXFileReference; lastKnownFileType = folder.assetcatalog; path = Assets.xcassets; sourceTree = "<group>"; };
		167A8D051C89BAAE00A71DA1 /* Base */ = {isa = PBXFileReference; lastKnownFileType = file.storyboard; name = Base; path = Base.lproj/LaunchScreen.storyboard; sourceTree = "<group>"; };
		167A8D071C89BAAE00A71DA1 /* Info.plist */ = {isa = PBXFileReference; lastKnownFileType = text.plist.xml; path = Info.plist; sourceTree = "<group>"; };
		167A8D0D1C89BBCF00A71DA1 /* iAd.framework */ = {isa = PBXFileReference; lastKnownFileType = wrapper.framework; name = iAd.framework; path = System/Library/Frameworks/iAd.framework; sourceTree = SDKROOT; };
/* End PBXFileReference section */

/* Begin PBXFrameworksBuildPhase section */
		167A8CF51C89BAAE00A71DA1 /* Frameworks */ = {
			isa = PBXFrameworksBuildPhase;
			buildActionMask = 2147483647;
			files = (
				167A8D0E1C89BBCF00A71DA1 /* iAd.framework in Frameworks */,
			);
			runOnlyForDeploymentPostprocessing = 0;
		};
/* End PBXFrameworksBuildPhase section */

/* Begin PBXGroup section */
		167A8CEF1C89BAAE00A71DA1 = {
			isa = PBXGroup;
			children = (
				167A8D0D1C89BBCF00A71DA1 /* iAd.framework */,
				167A8CFA1C89BAAE00A71DA1 /* PROJECT 3 - SWIFT IAD */,
				167A8CF91C89BAAE00A71DA1 /* Products */,
			);
			sourceTree = "<group>";
		};
		167A8CF91C89BAAE00A71DA1 /* Products */ = {
			isa = PBXGroup;
			children = (
				167A8CF81C89BAAE00A71DA1 /* PROJECT 3 - SWIFT IAD.app */,
			);
			name = Products;
			sourceTree = "<group>";
		};
		167A8CFA1C89BAAE00A71DA1 /* PROJECT 3 - SWIFT IAD */ = {
			isa = PBXGroup;
			children = (
				167A8CFB1C89BAAE00A71DA1 /* AppDelegate.swift */,
				167A8CFD1C89BAAE00A71DA1 /* ViewController.swift */,
				167A8CFF1C89BAAE00A71DA1 /* Main.storyboard */,
				167A8D021C89BAAE00A71DA1 /* Assets.xcassets */,
				167A8D041C89BAAE00A71DA1 /* LaunchScreen.storyboard */,
				167A8D071C89BAAE00A71DA1 /* Info.plist */,
			);
			path = "PROJECT 3 - SWIFT IAD";
			sourceTree = "<group>";
		};
/* End PBXGroup section */

/* Begin PBXNativeTarget section */
		167A8CF71C89BAAE00A71DA1 /* PROJECT 3 - SWIFT IAD */ = {
			isa = PBXNativeTarget;
			buildConfigurationList = 167A8D0A1C89BAAE00A71DA1 /* Build configuration list for PBXNativeTarget "PROJECT 3 - SWIFT IAD" */;
			buildPhases = (
				167A8CF41C89BAAE00A71DA1 /* Sources */,
				167A8CF51C89BAAE00A71DA1 /* Frameworks */,
				167A8CF61C89BAAE00A71DA1 /* Resources */,
			);
			buildRules = (
			);
			dependencies = (
			);
			name = "PROJECT 3 - SWIFT IAD";
			productName = "PROJECT 3 - SWIFT IAD";
			productReference = 167A8CF81C89BAAE00A71DA1 /* PROJECT 3 - SWIFT IAD.app */;
			productType = "com.apple.product-type.application";
		};
/* End PBXNativeTarget section */

/* Begin PBXProject section */
		167A8CF01C89BAAE00A71DA1 /* Project object */ = {
			isa = PBXProject;
			attributes = {
				LastSwiftUpdateCheck = 0720;
				LastUpgradeCheck = 0720;
				ORGANIZATIONNAME = heshaoyi;
				TargetAttributes = {
					167A8CF71C89BAAE00A71DA1 = {
						CreatedOnToolsVersion = 7.2.1;
					};
				};
			};
			buildConfigurationList = 167A8CF31C89BAAE00A71DA1 /* Build configuration list for PBXProject "PROJECT 3 - SWIFT IAD" */;
			compatibilityVersion = "Xcode 3.2";
			developmentRegion = English;
			hasScannedForEncodings = 0;
			knownRegions = (
				en,
				Base,
			);
			mainGroup = 167A8CEF1C89BAAE00A71DA1;
			productRefGroup = 167A8CF91C89BAAE00A71DA1 /* Products */;
			projectDirPath = "";
			projectRoot = "";
			targets = (
				167A8CF71C89BAAE00A71DA1 /* PROJECT 3 - SWIFT IAD */,
			);
		};
/* End PBXProject section */

/* Begin PBXResourcesBuildPhase section */
		167A8CF61C89BAAE00A71DA1 /* Resources */ = {
			isa = PBXResourcesBuildPhase;
			buildActionMask = 2147483647;
			files = (
				167A8D061C89BAAE00A71DA1 /* LaunchScreen.storyboard in Resources */,
				167A8D031C89BAAE00A71DA1 /* Assets.xcassets in Resources */,
				167A8D011C89BAAE00A71DA1 /* Main.storyboard in Resources */,
			);
			runOnlyForDeploymentPostprocessing = 0;
		};
/* End PBXResourcesBuildPhase section */

/* Begin PBXSourcesBuildPhase section */
		167A8CF41C89BAAE00A71DA1 /* Sources */ = {
			isa = PBXSourcesBuildPhase;
			buildActionMask = 2147483647;
			files = (
				167A8CFE1C89BAAE00A71DA1 /* ViewController.swift in Sources */,
				167A8CFC1C89BAAE00A71DA1 /* AppDelegate.swift in Sources */,
			);
			runOnlyForDeploymentPostprocessing = 0;
		};
/* End PBXSourcesBuildPhase section */

/* Begin PBXVariantGroup section */
		167A8CFF1C89BAAE00A71DA1 /* Main.storyboard */ = {
			isa = PBXVariantGroup;
			children = (
				167A8D001C89BAAE00A71DA1 /* Base */,
			);
			name = Main.storyboard;
			sourceTree = "<group>";
		};
		167A8D041C89BAAE00A71DA1 /* LaunchScreen.storyboard */ = {
			isa = PBXVariantGroup;
			children = (
				167A8D051C89BAAE00A71DA1 /* Base */,
			);
			name = LaunchScreen.storyboard;
			sourceTree = "<group>";
		};
/* End PBXVariantGroup section */

/* Begin XCBuildConfiguration section */
		167A8D081C89BAAE00A71DA1 /* Debug */ = {
			isa = XCBuildConfiguration;
			buildSettings = {
				ALWAYS_SEARCH_USER_PATHS = NO;
				CLANG_CXX_LANGUAGE_STANDARD = "gnu++0x";
				CLANG_CXX_LIBRARY = "libc++";
				CLANG_ENABLE_MODULES = YES;
				CLANG_ENABLE_OBJC_ARC = YES;
				CLANG_WARN_BOOL_CONVERSION = YES;
				CLANG_WARN_CONSTANT_CONVERSION = YES;
				CLANG_WARN_DIRECT_OBJC_ISA_USAGE = YES_ERROR;
				CLANG_WARN_EMPTY_BODY = YES;
				CLANG_WARN_ENUM_CONVERSION = YES;
				CLANG_WARN_INT_CONVERSION = YES;
				CLANG_WARN_OBJC_ROOT_CLASS = YES_ERROR;
				CLANG_WARN_UNREACHABLE_CODE = YES;
				CLANG_WARN__DUPLICATE_METHOD_MATCH = YES;
				"CODE_SIGN_IDENTITY[sdk=iphoneos*]" = "iPhone Developer";
				COPY_PHASE_STRIP = NO;
				DEBUG_INFORMATION_FORMAT = dwarf;
				ENABLE_STRICT_OBJC_MSGSEND = YES;
				ENABLE_TESTABILITY = YES;
				GCC_C_LANGUAGE_STANDARD = gnu99;
				GCC_DYNAMIC_NO_PIC = NO;
				GCC_NO_COMMON_BLOCKS = YES;
				GCC_OPTIMIZATION_LEVEL = 0;
				GCC_PREPROCESSOR_DEFINITIONS = (
					"DEBUG=1",
					"$(inherited)",
				);
				GCC_WARN_64_TO_32_BIT_CONVERSION = YES;
				GCC_WARN_ABOUT_RETURN_TYPE = YES_ERROR;
				GCC_WARN_UNDECLARED_SELECTOR = YES;
				GCC_WARN_UNINITIALIZED_AUTOS = YES_AGGRESSIVE;
				GCC_WARN_UNUSED_FUNCTION = YES;
				GCC_WARN_UNUSED_VARIABLE = YES;
				IPHONEOS_DEPLOYMENT_TARGET = 9.2;
				MTL_ENABLE_DEBUG_INFO = YES;
				ONLY_ACTIVE_ARCH = YES;
				SDKROOT = iphoneos;
				SWIFT_OPTIMIZATION_LEVEL = "-Onone";
			};
			name = Debug;
		};
		167A8D091C89BAAE00A71DA1 /* Release */ = {
			isa = XCBuildConfiguration;
			buildSettings = {
				ALWAYS_SEARCH_USER_PATHS = NO;
				CLANG_CXX_LANGUAGE_STANDARD = "gnu++0x";
				CLANG_CXX_LIBRARY = "libc++";
				CLANG_ENABLE_MODULES = YES;
				CLANG_ENABLE_OBJC_ARC = YES;
				CLANG_WARN_BOOL_CONVERSION = YES;
				CLANG_WARN_CONSTANT_CONVERSION = YES;
				CLANG_WARN_DIRECT_OBJC_ISA_USAGE = YES_ERROR;
				CLANG_WARN_EMPTY_BODY = YES;
				CLANG_WARN_ENUM_CONVERSION = YES;
				CLANG_WARN_INT_CONVERSION = YES;
				CLANG_WARN_OBJC_ROOT_CLASS = YES_ERROR;
				CLANG_WARN_UNREACHABLE_CODE = YES;
				CLANG_WARN__DUPLICATE_METHOD_MATCH = YES;
				"CODE_SIGN_IDENTITY[sdk=iphoneos*]" = "iPhone Developer";
				COPY_PHASE_STRIP = NO;
				DEBUG_INFORMATION_FORMAT = "dwarf-with-dsym";
				ENABLE_NS_ASSERTIONS = NO;
				ENABLE_STRICT_OBJC_MSGSEND = YES;
				GCC_C_LANGUAGE_STANDARD = gnu99;
				GCC_NO_COMMON_BLOCKS = YES;
				GCC_WARN_64_TO_32_BIT_CONVERSION = YES;
				GCC_WARN_ABOUT_RETURN_TYPE = YES_ERROR;
				GCC_WARN_UNDECLARED_SELECTOR = YES;
				GCC_WARN_UNINITIALIZED_AUTOS = YES_AGGRESSIVE;
				GCC_WARN_UNUSED_FUNCTION = YES;
				GCC_WARN_UNUSED_VARIABLE = YES;
				IPHONEOS_DEPLOYMENT_TARGET = 9.2;
				MTL_ENABLE_DEBUG_INFO = NO;
				SDKROOT = iphoneos;
				VALIDATE_PRODUCT = YES;
			};
			name = Release;
		};
		167A8D0B1C89BAAE00A71DA1 /* Debug */ = {
			isa = XCBuildConfiguration;
			buildSettings = {
				ASSETCATALOG_COMPILER_APPICON_NAME = AppIcon;
				INFOPLIST_FILE = "PROJECT 3 - SWIFT IAD/Info.plist";
				LD_RUNPATH_SEARCH_PATHS = "$(inherited) @executable_path/Frameworks";
				PRODUCT_BUNDLE_IDENTIFIER = "com.heshaoyi.PROJECT-3---SWIFT-IAD";
				PRODUCT_NAME = "$(TARGET_NAME)";
			};
			name = Debug;
		};
		167A8D0C1C89BAAE00A71DA1 /* Release */ = {
			isa = XCBuildConfiguration;
			buildSettings = {
				ASSETCATALOG_COMPILER_APPICON_NAME = AppIcon;
				INFOPLIST_FILE = "PROJECT 3 - SWIFT IAD/Info.plist";
				LD_RUNPATH_SEARCH_PATHS = "$(inherited) @executable_path/Frameworks";
				PRODUCT_BUNDLE_IDENTIFIER = "com.heshaoyi.PROJECT-3---SWIFT-IAD";
				PRODUCT_NAME = "$(TARGET_NAME)";
			};
			name = Release;
		};
/* End XCBuildConfiguration section */

/* Begin XCConfigurationList section */
		167A8CF31C89BAAE00A71DA1 /* Build configuration list for PBXProject "PROJECT 3 - SWIFT IAD" */ = {
			isa = XCConfigurationList;
			buildConfigurations = (
				167A8D081C89BAAE00A71DA1 /* Debug */,
				167A8D091C89BAAE00A71DA1 /* Release */,
			);
			defaultConfigurationIsVisible = 0;
			defaultConfigurationName = Release;
		};
		167A8D0A1C89BAAE00A71DA1 /* Build configuration list for PBXNativeTarget "PROJECT 3 - SWIFT IAD" */ = {
			isa = XCConfigurationList;
			buildConfigurations = (
				167A8D0B1C89BAAE00A71DA1 /* Debug */,
				167A8D0C1C89BAAE00A71DA1 /* Release */,
			);
			defaultConfigurationIsVisible = 0;
		};
/* End XCConfigurationList section */
	};
	rootObject = 167A8CF01C89BAAE00A71DA1 /* Project object */;
}
